
Microsoft Visual Studio Solution File, Format Version 12.00
# Visual Studio 2013
VisualStudioVersion = 12.0.40629.0
MinimumVisualStudioVersion = 10.0.40219.1
Project("{FAE04EC0-301F-11D3-BF4B-00C04F79EFBC}") = "ReFormator", "ReFormator\ReFormator.csproj", "{A1074115-0BE2-4170-85D2-2AB01A03EA23}"
	ProjectSection(ProjectDependencies) = postProject
		{62B25D51-0CD3-4DCC-8619-158E08E7D8D8} = {62B25D51-0CD3-4DCC-8619-158E08E7D8D8}
	EndProjectSection
EndProject
Project("{FAE04EC0-301F-11D3-BF4B-00C04F79EFBC}") = "CoreFormator", "CoreFormator\CoreFormator.csproj", "{62B25D51-0CD3-4DCC-8619-158E08E7D8D8}"
EndProject
Global
	GlobalSection(SolutionConfigurationPlatforms) = preSolution
		Debug|Any CPU = Debug|Any CPU
		Release|Any CPU = Release|Any CPU
	EndGlobalSection
	GlobalSection(ProjectConfigurationPlatforms) = postSolution
		{A1074115-0BE2-4170-85D2-2AB01A03EA23}.Debug|Any CPU.ActiveCfg = Debug|Any CPU
		{A1074115-0BE2-4170-85D2-2AB01A03EA23}.Debug|Any CPU.Build.0 = Debug|Any CPU
		{A1074115-0BE2-4170-85D2-2AB01A03EA23}.Release|Any CPU.ActiveCfg = Release|Any CPU
		{A1074115-0BE2-4170-85D2-2AB01A03EA23}.Release|Any CPU.Build.0 = Release|Any CPU
		{62B25D51-0CD3-4DCC-8619-158E08E7D8D8}.Debug|Any CPU.ActiveCfg = Debug|Any CPU
		{62B25D51-0CD3-4DCC-8619-158E08E7D8D8}.Debug|Any CPU.Build.0 = Debug|Any CPU
		{62B25D51-0CD3-4DCC-8619-158E08E7D8D8}.Release|Any CPU.ActiveCfg = Release|Any CPU
		{62B25D51-0CD3-4DCC-8619-158E08E7D8D8}.Release|Any CPU.Build.0 = Release|Any CPU
	EndGlobalSection
	GlobalSection(SolutionProperties) = preSolution
		HideSolutionNode = FALSE
	EndGlobalSection
EndGlobal
